
Microsoft Visual Studio Solution File, Format Version 12.00
# Visual Studio Version 17
VisualStudioVersion = 17.7.34031.279
MinimumVisualStudioVersion = 10.0.40219.1
Project("{FAE04EC0-301F-11D3-BF4B-00C04F79EFBC}") = "CalcualtorCS_Z_Lista", "CalcualtorCS_Z_Lista\CalcualtorCS_Z_Lista.csproj", "{83048F99-2A60-4EF5-8D3E-3B90FF147401}"
EndProject
Global
	GlobalSection(SolutionConfigurationPlatforms) = preSolution
		Debug|Any CPU = Debug|Any CPU
		Release|Any CPU = Release|Any CPU
	EndGlobalSection
	GlobalSection(ProjectConfigurationPlatforms) = postSolution
		{83048F99-2A60-4EF5-8D3E-3B90FF147401}.Debug|Any CPU.ActiveCfg = Debug|Any CPU
		{83048F99-2A60-4EF5-8D3E-3B90FF147401}.Debug|Any CPU.Build.0 = Debug|Any CPU
		{83048F99-2A60-4EF5-8D3E-3B90FF147401}.Release|Any CPU.ActiveCfg = Release|Any CPU
		{83048F99-2A60-4EF5-8D3E-3B90FF147401}.Release|Any CPU.Build.0 = Release|Any CPU
	EndGlobalSection
	GlobalSection(SolutionProperties) = preSolution
		HideSolutionNode = FALSE
	EndGlobalSection
	GlobalSection(ExtensibilityGlobals) = postSolution
		SolutionGuid = {83F73E8F-1038-4923-9E77-92C35DB2A13F}
	EndGlobalSection
EndGlobal
